
Microsoft Visual Studio Solution File, Format Version 12.00
# Visual Studio Version 17
VisualStudioVersion = 17.11.35312.102
MinimumVisualStudioVersion = 10.0.40219.1
Project("{FAE04EC0-301F-11D3-BF4B-00C04F79EFBC}") = "ass-3 q1", "ass-3 q1\ass-3 q1.csproj", "{80149672-26DA-4092-ACF0-6931E084948F}"
EndProject
Global
	GlobalSection(SolutionConfigurationPlatforms) = preSolution
		Debug|Any CPU = Debug|Any CPU
		Release|Any CPU = Release|Any CPU
	EndGlobalSection
	GlobalSection(ProjectConfigurationPlatforms) = postSolution
		{80149672-26DA-4092-ACF0-6931E084948F}.Debug|Any CPU.ActiveCfg = Debug|Any CPU
		{80149672-26DA-4092-ACF0-6931E084948F}.Debug|Any CPU.Build.0 = Debug|Any CPU
		{80149672-26DA-4092-ACF0-6931E084948F}.Release|Any CPU.ActiveCfg = Release|Any CPU
		{80149672-26DA-4092-ACF0-6931E084948F}.Release|Any CPU.Build.0 = Release|Any CPU
	EndGlobalSection
	GlobalSection(SolutionProperties) = preSolution
		HideSolutionNode = FALSE
	EndGlobalSection
	GlobalSection(ExtensibilityGlobals) = postSolution
		SolutionGuid = {7F7774E4-2B21-4AE4-83BA-286FF6F58E9B}
	EndGlobalSection
EndGlobal
